
Microsoft Visual Studio Solution File, Format Version 12.00
# Visual Studio Version 17
VisualStudioVersion = 17.0.32014.148
MinimumVisualStudioVersion = 10.0.40219.1
Project("{2150E333-8FDC-42A3-9474-1A3956D46DE8}") = "Core", "Core", "{0EF2EB63-CC51-4C33-A6DE-D9B02CA55075}"
EndProject
Project("{FAE04EC0-301F-11D3-BF4B-00C04F79EFBC}") = "ECommerce.Domain", "Core\ECommerce.Domain\ECommerce.Domain.csproj", "{0437B071-1010-4D34-9451-07C3384296E9}"
EndProject
Project("{2150E333-8FDC-42A3-9474-1A3956D46DE8}") = "Infrastructure", "Infrastructure", "{AA46F40D-035F-44A6-9D84-0C37A6C624F2}"
EndProject
Project("{FAE04EC0-301F-11D3-BF4B-00C04F79EFBC}") = "ECommerce.Infrastructure", "Infrastructure\ECommerce.Infrastructure\ECommerce.Infrastructure.csproj", "{A3CC93F7-B5DD-4EA1-A8FD-C9695D0B8025}"
EndProject
Project("{FAE04EC0-301F-11D3-BF4B-00C04F79EFBC}") = "ECommerce.Persistence", "Infrastructure\ECommerce.Persistence\ECommerce.Persistence.csproj", "{8E6DF857-5CD6-4551-9427-0CA0DAF3DE06}"
EndProject
Project("{FAE04EC0-301F-11D3-BF4B-00C04F79EFBC}") = "ECommerce.Application", "Core\ECommerce.Application\ECommerce.Application.csproj", "{DF1E622E-7321-42F6-98F2-F99C9D582A55}"
EndProject
Project("{2150E333-8FDC-42A3-9474-1A3956D46DE8}") = "Presentation", "Presentation", "{CDF7F881-37B1-4BE7-976B-1F000A84F2D9}"
EndProject
Project("{FAE04EC0-301F-11D3-BF4B-00C04F79EFBC}") = "ECommerce.API", "Presentation\ECommerce.API\ECommerce.API.csproj", "{69F83163-0E77-44E4-9744-32FDD4D9B354}"
EndProject
Global
	GlobalSection(SolutionConfigurationPlatforms) = preSolution
		Debug|Any CPU = Debug|Any CPU
		Release|Any CPU = Release|Any CPU
	EndGlobalSection
	GlobalSection(ProjectConfigurationPlatforms) = postSolution
		{0437B071-1010-4D34-9451-07C3384296E9}.Debug|Any CPU.ActiveCfg = Debug|Any CPU
		{0437B071-1010-4D34-9451-07C3384296E9}.Debug|Any CPU.Build.0 = Debug|Any CPU
		{0437B071-1010-4D34-9451-07C3384296E9}.Release|Any CPU.ActiveCfg = Release|Any CPU
		{0437B071-1010-4D34-9451-07C3384296E9}.Release|Any CPU.Build.0 = Release|Any CPU
		{A3CC93F7-B5DD-4EA1-A8FD-C9695D0B8025}.Debug|Any CPU.ActiveCfg = Debug|Any CPU
		{A3CC93F7-B5DD-4EA1-A8FD-C9695D0B8025}.Debug|Any CPU.Build.0 = Debug|Any CPU
		{A3CC93F7-B5DD-4EA1-A8FD-C9695D0B8025}.Release|Any CPU.ActiveCfg = Release|Any CPU
		{A3CC93F7-B5DD-4EA1-A8FD-C9695D0B8025}.Release|Any CPU.Build.0 = Release|Any CPU
		{8E6DF857-5CD6-4551-9427-0CA0DAF3DE06}.Debug|Any CPU.ActiveCfg = Debug|Any CPU
		{8E6DF857-5CD6-4551-9427-0CA0DAF3DE06}.Debug|Any CPU.Build.0 = Debug|Any CPU
		{8E6DF857-5CD6-4551-9427-0CA0DAF3DE06}.Release|Any CPU.ActiveCfg = Release|Any CPU
		{8E6DF857-5CD6-4551-9427-0CA0DAF3DE06}.Release|Any CPU.Build.0 = Release|Any CPU
		{DF1E622E-7321-42F6-98F2-F99C9D582A55}.Debug|Any CPU.ActiveCfg = Debug|Any CPU
		{DF1E622E-7321-42F6-98F2-F99C9D582A55}.Debug|Any CPU.Build.0 = Debug|Any CPU
		{DF1E622E-7321-42F6-98F2-F99C9D582A55}.Release|Any CPU.ActiveCfg = Release|Any CPU
		{DF1E622E-7321-42F6-98F2-F99C9D582A55}.Release|Any CPU.Build.0 = Release|Any CPU
		{69F83163-0E77-44E4-9744-32FDD4D9B354}.Debug|Any CPU.ActiveCfg = Debug|Any CPU
		{69F83163-0E77-44E4-9744-32FDD4D9B354}.Debug|Any CPU.Build.0 = Debug|Any CPU
		{69F83163-0E77-44E4-9744-32FDD4D9B354}.Release|Any CPU.ActiveCfg = Release|Any CPU
		{69F83163-0E77-44E4-9744-32FDD4D9B354}.Release|Any CPU.Build.0 = Release|Any CPU
	EndGlobalSection
	GlobalSection(SolutionProperties) = preSolution
		HideSolutionNode = FALSE
	EndGlobalSection
	GlobalSection(NestedProjects) = preSolution
		{0437B071-1010-4D34-9451-07C3384296E9} = {0EF2EB63-CC51-4C33-A6DE-D9B02CA55075}
		{A3CC93F7-B5DD-4EA1-A8FD-C9695D0B8025} = {AA46F40D-035F-44A6-9D84-0C37A6C624F2}
		{8E6DF857-5CD6-4551-9427-0CA0DAF3DE06} = {AA46F40D-035F-44A6-9D84-0C37A6C624F2}
		{DF1E622E-7321-42F6-98F2-F99C9D582A55} = {0EF2EB63-CC51-4C33-A6DE-D9B02CA55075}
		{69F83163-0E77-44E4-9744-32FDD4D9B354} = {CDF7F881-37B1-4BE7-976B-1F000A84F2D9}
	EndGlobalSection
	GlobalSection(ExtensibilityGlobals) = postSolution
		SolutionGuid = {0D3F78A5-2EB6-48A2-B2E0-6031E50F1F5D}
	EndGlobalSection
EndGlobal
